# This file is automatically @generated by Cargo.
# It is not intended for manual editing.
version = 4

[[package]]
name = "prismtrace-core"
version = "0.1.0"

[[package]]
name = "prismtrace-host"
version = "0.1.0"
dependencies = [
 "prismtrace-core",
 "prismtrace-storage",
]

[[package]]
name = "prismtrace-storage"
version = "0.1.0"
